
Microsoft Visual Studio Solution File, Format Version 12.00
# Visual Studio 15
VisualStudioVersion = 15.0.27428.2043
MinimumVisualStudioVersion = 10.0.40219.1
Project("{FAE04EC0-301F-11D3-BF4B-00C04F79EFBC}") = "LeadersAnalystTool", "LeadersAnalystTool\LeadersAnalystTool.csproj", "{1A78670B-A5CC-4714-A685-1ADC2F0BEE0A}"
EndProject
Global
	GlobalSection(SolutionConfigurationPlatforms) = preSolution
		Debug|Any CPU = Debug|Any CPU
		Release|Any CPU = Release|Any CPU
	EndGlobalSection
	GlobalSection(ProjectConfigurationPlatforms) = postSolution
		{1A78670B-A5CC-4714-A685-1ADC2F0BEE0A}.Debug|Any CPU.ActiveCfg = Debug|Any CPU
		{1A78670B-A5CC-4714-A685-1ADC2F0BEE0A}.Debug|Any CPU.Build.0 = Debug|Any CPU
		{1A78670B-A5CC-4714-A685-1ADC2F0BEE0A}.Release|Any CPU.ActiveCfg = Release|Any CPU
		{1A78670B-A5CC-4714-A685-1ADC2F0BEE0A}.Release|Any CPU.Build.0 = Release|Any CPU
	EndGlobalSection
	GlobalSection(SolutionProperties) = preSolution
		HideSolutionNode = FALSE
	EndGlobalSection
	GlobalSection(ExtensibilityGlobals) = postSolution
		SolutionGuid = {C6995123-2AEC-4EA2-8CB1-1128BA0E5882}
	EndGlobalSection
EndGlobal
